
Microsoft Visual Studio Solution File, Format Version 12.00
# Visual Studio Version 16
VisualStudioVersion = 16.0.30114.105
MinimumVisualStudioVersion = 10.0.40219.1
Project("{FAE04EC0-301F-11D3-BF4B-00C04F79EFBC}") = "Arrays", "Arrays\Arrays.csproj", "{F40E0801-CD8C-4D2B-8056-1AB74248D33B}"
EndProject
Project("{FAE04EC0-301F-11D3-BF4B-00C04F79EFBC}") = "Arrays.Tests", "Arrays.Tests\Arrays.Tests.csproj", "{F05F99BB-98BE-46AC-93F4-21999900E45E}"
EndProject
Global
	GlobalSection(SolutionConfigurationPlatforms) = preSolution
		Debug|Any CPU = Debug|Any CPU
		Release|Any CPU = Release|Any CPU
	EndGlobalSection
	GlobalSection(SolutionProperties) = preSolution
		HideSolutionNode = FALSE
	EndGlobalSection
	GlobalSection(ProjectConfigurationPlatforms) = postSolution
		{F40E0801-CD8C-4D2B-8056-1AB74248D33B}.Debug|Any CPU.ActiveCfg = Debug|Any CPU
		{F40E0801-CD8C-4D2B-8056-1AB74248D33B}.Debug|Any CPU.Build.0 = Debug|Any CPU
		{F40E0801-CD8C-4D2B-8056-1AB74248D33B}.Release|Any CPU.ActiveCfg = Release|Any CPU
		{F40E0801-CD8C-4D2B-8056-1AB74248D33B}.Release|Any CPU.Build.0 = Release|Any CPU
		{F05F99BB-98BE-46AC-93F4-21999900E45E}.Debug|Any CPU.ActiveCfg = Debug|Any CPU
		{F05F99BB-98BE-46AC-93F4-21999900E45E}.Debug|Any CPU.Build.0 = Debug|Any CPU
		{F05F99BB-98BE-46AC-93F4-21999900E45E}.Release|Any CPU.ActiveCfg = Release|Any CPU
		{F05F99BB-98BE-46AC-93F4-21999900E45E}.Release|Any CPU.Build.0 = Release|Any CPU
	EndGlobalSection
EndGlobal
